
Microsoft Visual Studio Solution File, Format Version 12.00
# Visual Studio Version 17
VisualStudioVersion = 17.1.32228.430
MinimumVisualStudioVersion = 10.0.40219.1
Project("{FAE04EC0-301F-11D3-BF4B-00C04F79EFBC}") = "MyToolbox", "MyToolbox\MyToolbox.csproj", "{F1ED928D-4EB8-42B5-AB0F-9559B8004B34}"
EndProject
Project("{2150E333-8FDC-42A3-9474-1A3956D46DE8}") = "Solution Items", "Solution Items", "{783D9897-CD7C-4D93-BF5E-5923AE5A09C4}"
	ProjectSection(SolutionItems) = preProject
		.editorconfig = .editorconfig
	EndProjectSection
EndProject
Project("{FAE04EC0-301F-11D3-BF4B-00C04F79EFBC}") = "MyToolbox.BusinessLayer", "MyToolbox.BusinessLayer\MyToolbox.BusinessLayer.csproj", "{EBE81C06-D049-4280-8D98-6AF898BDE0F7}"
EndProject
Project("{FAE04EC0-301F-11D3-BF4B-00C04F79EFBC}") = "MyToolbox.DataAccessLayer", "MyToolbox.DataAccessLayer\MyToolbox.DataAccessLayer.csproj", "{A5295C87-20A0-498C-9AB9-B968F237B162}"
EndProject
Project("{FAE04EC0-301F-11D3-BF4B-00C04F79EFBC}") = "MyToolbox.Shared", "MyToolbox.Shared\MyToolbox.Shared.csproj", "{ACA2B39C-68FA-4743-BD01-EA3308F184C6}"
EndProject
Global
	GlobalSection(SolutionConfigurationPlatforms) = preSolution
		Debug|Any CPU = Debug|Any CPU
		Release|Any CPU = Release|Any CPU
	EndGlobalSection
	GlobalSection(ProjectConfigurationPlatforms) = postSolution
		{F1ED928D-4EB8-42B5-AB0F-9559B8004B34}.Debug|Any CPU.ActiveCfg = Debug|Any CPU
		{F1ED928D-4EB8-42B5-AB0F-9559B8004B34}.Debug|Any CPU.Build.0 = Debug|Any CPU
		{F1ED928D-4EB8-42B5-AB0F-9559B8004B34}.Release|Any CPU.ActiveCfg = Release|Any CPU
		{F1ED928D-4EB8-42B5-AB0F-9559B8004B34}.Release|Any CPU.Build.0 = Release|Any CPU
		{EBE81C06-D049-4280-8D98-6AF898BDE0F7}.Debug|Any CPU.ActiveCfg = Debug|Any CPU
		{EBE81C06-D049-4280-8D98-6AF898BDE0F7}.Debug|Any CPU.Build.0 = Debug|Any CPU
		{EBE81C06-D049-4280-8D98-6AF898BDE0F7}.Release|Any CPU.ActiveCfg = Release|Any CPU
		{EBE81C06-D049-4280-8D98-6AF898BDE0F7}.Release|Any CPU.Build.0 = Release|Any CPU
		{A5295C87-20A0-498C-9AB9-B968F237B162}.Debug|Any CPU.ActiveCfg = Debug|Any CPU
		{A5295C87-20A0-498C-9AB9-B968F237B162}.Debug|Any CPU.Build.0 = Debug|Any CPU
		{A5295C87-20A0-498C-9AB9-B968F237B162}.Release|Any CPU.ActiveCfg = Release|Any CPU
		{A5295C87-20A0-498C-9AB9-B968F237B162}.Release|Any CPU.Build.0 = Release|Any CPU
		{ACA2B39C-68FA-4743-BD01-EA3308F184C6}.Debug|Any CPU.ActiveCfg = Debug|Any CPU
		{ACA2B39C-68FA-4743-BD01-EA3308F184C6}.Debug|Any CPU.Build.0 = Debug|Any CPU
		{ACA2B39C-68FA-4743-BD01-EA3308F184C6}.Release|Any CPU.ActiveCfg = Release|Any CPU
		{ACA2B39C-68FA-4743-BD01-EA3308F184C6}.Release|Any CPU.Build.0 = Release|Any CPU
	EndGlobalSection
	GlobalSection(SolutionProperties) = preSolution
		HideSolutionNode = FALSE
	EndGlobalSection
	GlobalSection(ExtensibilityGlobals) = postSolution
		SolutionGuid = {BFCCAC23-94F3-427C-843B-FC3C032FE845}
	EndGlobalSection
EndGlobal
